{
  "name": "cartridge-test-app",
  "version": "0.0.1",
  "lockfileVersion": 3,
  "requires": true,
  "packages": {
    "": {
      "name": "cartridge-test-app",
      "version": "0.0.1",
      "license": "ISC",
      "devDependencies": {
        "@adbl/cartridge": "file:../../"
      }
    },
    "../..": {
      "name": "@adbl/cartridge",
      "version": "0.0.0",
      "dev": true,
      "dependencies": {
        "@adbl/bullet": "file:adbl-bullet-0.0.27.tgz",
        "compression": "^1.7.4",
        "cross-env": "^7.0.3",
        "express": "^4.19.2",
        "happy-dom": "^15.7.3",
        "sirv": "^2.0.4"
      },
      "bin": {
        "cartridge": "index.js"
      },
      "devDependencies": {
        "@types/express": "^4.17.21",
        "vite": "^5.2.10"
      }
    },
    "node_modules/@adbl/cartridge": {
      "resolved": "../..",
      "link": true
    }
  }
}
